# THIS IS AN AUTOGENERATED FILE. DO NOT EDIT THIS FILE DIRECTLY.
# yarn lockfile v1


"@types/node@^20.6.0":
  version "20.6.0"
  resolved "https://registry.yarnpkg.com/@types/node/-/node-20.6.0.tgz#9d7daa855d33d4efec8aea88cd66db1c2f0ebe16"
  integrity sha512-najjVq5KN2vsH2U/xyh2opaSEz6cZMR2SetLIlxlj08nOcmPOemJmUK2o4kUzfLqfrWE0PIrNeE16XhYDd3nqg==

"@xmldom/xmldom@^0.8.10":
  version "0.8.10"
  resolved "https://registry.yarnpkg.com/@xmldom/xmldom/-/xmldom-0.8.10.tgz#a1337ca426aa61cef9fe15b5b28e340a72f6fa99"
  integrity sha512-2WALfTl4xo2SkGCYRt6rDTFfk9R1czmBvUQy12gK2KuRKIpWEhcbbzy8EZXtz/jkRqHX8bFEc6FC1HjX4TUWYw==

svg-weathermap-placer@^0.0.3:
  version "0.0.3"
  resolved "https://registry.yarnpkg.com/svg-weathermap-placer/-/svg-weathermap-placer-0.0.3.tgz#60fd1b7419391a248517e54cf1292bed792e4d26"
  integrity sha512-mHRuuP2zMMNPTaL1vvxLeRF8PmQKERig7wKr2TJn1kR3RGi5qubsVFWyB5/19I9mrtxd6a9Udp8KvWew4yTY6g==
